
Microsoft Visual Studio Solution File, Format Version 12.00
# Visual Studio Version 16
VisualStudioVersion = 16.0.30503.244
MinimumVisualStudioVersion = 10.0.40219.1
Project("{FAE04EC0-301F-11D3-BF4B-00C04F79EFBC}") = "Branching", "Branching\Branching.csproj", "{9EA514FD-FD38-4792-9104-6414AC5BFDB1}"
EndProject
Global
	GlobalSection(SolutionConfigurationPlatforms) = preSolution
		Debug|Any CPU = Debug|Any CPU
		Release|Any CPU = Release|Any CPU
	EndGlobalSection
	GlobalSection(ProjectConfigurationPlatforms) = postSolution
		{9EA514FD-FD38-4792-9104-6414AC5BFDB1}.Debug|Any CPU.ActiveCfg = Debug|Any CPU
		{9EA514FD-FD38-4792-9104-6414AC5BFDB1}.Debug|Any CPU.Build.0 = Debug|Any CPU
		{9EA514FD-FD38-4792-9104-6414AC5BFDB1}.Release|Any CPU.ActiveCfg = Release|Any CPU
		{9EA514FD-FD38-4792-9104-6414AC5BFDB1}.Release|Any CPU.Build.0 = Release|Any CPU
	EndGlobalSection
	GlobalSection(SolutionProperties) = preSolution
		HideSolutionNode = FALSE
	EndGlobalSection
	GlobalSection(ExtensibilityGlobals) = postSolution
		SolutionGuid = {A10D9EF3-14F0-492B-8E78-2294E8945A2D}
	EndGlobalSection
EndGlobal
